
Microsoft Visual Studio Solution File, Format Version 12.00
# Visual Studio 15
VisualStudioVersion = 15.0.26430.15
MinimumVisualStudioVersion = 10.0.40219.1
Project("{FAE04EC0-301F-11D3-BF4B-00C04F79EFBC}") = "TreeViewExample", "TreeViewExample\TreeViewExample.csproj", "{EB5A4B1E-E02D-4BB2-9B22-D44ABE55D84C}"
EndProject
Project("{FAE04EC0-301F-11D3-BF4B-00C04F79EFBC}") = "ViewLocalDrives", "ViewLocalDrives\ViewLocalDrives.csproj", "{36E4EA05-50A1-475F-88C4-2BBD76056BC8}"
EndProject
Global
	GlobalSection(SolutionConfigurationPlatforms) = preSolution
		Debug|Any CPU = Debug|Any CPU
		Release|Any CPU = Release|Any CPU
	EndGlobalSection
	GlobalSection(ProjectConfigurationPlatforms) = postSolution
		{EB5A4B1E-E02D-4BB2-9B22-D44ABE55D84C}.Debug|Any CPU.ActiveCfg = Debug|Any CPU
		{EB5A4B1E-E02D-4BB2-9B22-D44ABE55D84C}.Debug|Any CPU.Build.0 = Debug|Any CPU
		{EB5A4B1E-E02D-4BB2-9B22-D44ABE55D84C}.Release|Any CPU.ActiveCfg = Release|Any CPU
		{EB5A4B1E-E02D-4BB2-9B22-D44ABE55D84C}.Release|Any CPU.Build.0 = Release|Any CPU
		{36E4EA05-50A1-475F-88C4-2BBD76056BC8}.Debug|Any CPU.ActiveCfg = Debug|Any CPU
		{36E4EA05-50A1-475F-88C4-2BBD76056BC8}.Debug|Any CPU.Build.0 = Debug|Any CPU
		{36E4EA05-50A1-475F-88C4-2BBD76056BC8}.Release|Any CPU.ActiveCfg = Release|Any CPU
		{36E4EA05-50A1-475F-88C4-2BBD76056BC8}.Release|Any CPU.Build.0 = Release|Any CPU
	EndGlobalSection
	GlobalSection(SolutionProperties) = preSolution
		HideSolutionNode = FALSE
	EndGlobalSection
EndGlobal
